
Microsoft Visual Studio Solution File, Format Version 12.00
# Visual Studio Version 17
VisualStudioVersion = 17.10.34916.146
MinimumVisualStudioVersion = 10.0.40219.1
Project("{FAE04EC0-301F-11D3-BF4B-00C04F79EFBC}") = "OverwatchInsight", "OverwatchInsight\OverwatchInsight.csproj", "{49C664B5-7FDA-466D-92C4-631B58AEC30D}"
EndProject
Global
	GlobalSection(SolutionConfigurationPlatforms) = preSolution
		Debug|Any CPU = Debug|Any CPU
		Release|Any CPU = Release|Any CPU
	EndGlobalSection
	GlobalSection(ProjectConfigurationPlatforms) = postSolution
		{49C664B5-7FDA-466D-92C4-631B58AEC30D}.Debug|Any CPU.ActiveCfg = Debug|Any CPU
		{49C664B5-7FDA-466D-92C4-631B58AEC30D}.Debug|Any CPU.Build.0 = Debug|Any CPU
		{49C664B5-7FDA-466D-92C4-631B58AEC30D}.Release|Any CPU.ActiveCfg = Release|Any CPU
		{49C664B5-7FDA-466D-92C4-631B58AEC30D}.Release|Any CPU.Build.0 = Release|Any CPU
	EndGlobalSection
	GlobalSection(SolutionProperties) = preSolution
		HideSolutionNode = FALSE
	EndGlobalSection
	GlobalSection(ExtensibilityGlobals) = postSolution
		SolutionGuid = {C592C03E-3DF7-4AE2-B3DF-B3F31E727CF5}
	EndGlobalSection
EndGlobal
